
Microsoft Visual Studio Solution File, Format Version 12.00
# Visual Studio Version 17
VisualStudioVersion = 17.2.32526.322
MinimumVisualStudioVersion = 10.0.40219.1
Project("{9A19103F-16F7-4668-BE54-9A1E7A4F7556}") = "Odev_Array_EnBuyukEnKucuk", "Odev_Array_EnBuyukEnKucuk\Odev_Array_EnBuyukEnKucuk.csproj", "{C3FD9032-DD4A-4A01-B105-80A80FD28B10}"
EndProject
Project("{9A19103F-16F7-4668-BE54-9A1E7A4F7556}") = "SortandWrite", "SortandWrite\SortandWrite.csproj", "{4BE64938-4333-40C7-A4FB-2D669A979C03}"
EndProject
Project("{FAE04EC0-301F-11D3-BF4B-00C04F79EFBC}") = "EnBuyukEnKucuk_v2", "EnBuyukEnKucuk_v2\EnBuyukEnKucuk_v2.csproj", "{EF42EA9C-E8C1-4409-9136-99257F477E13}"
EndProject
Global
	GlobalSection(SolutionConfigurationPlatforms) = preSolution
		Debug|Any CPU = Debug|Any CPU
		Release|Any CPU = Release|Any CPU
	EndGlobalSection
	GlobalSection(ProjectConfigurationPlatforms) = postSolution
		{C3FD9032-DD4A-4A01-B105-80A80FD28B10}.Debug|Any CPU.ActiveCfg = Debug|Any CPU
		{C3FD9032-DD4A-4A01-B105-80A80FD28B10}.Debug|Any CPU.Build.0 = Debug|Any CPU
		{C3FD9032-DD4A-4A01-B105-80A80FD28B10}.Release|Any CPU.ActiveCfg = Release|Any CPU
		{C3FD9032-DD4A-4A01-B105-80A80FD28B10}.Release|Any CPU.Build.0 = Release|Any CPU
		{4BE64938-4333-40C7-A4FB-2D669A979C03}.Debug|Any CPU.ActiveCfg = Debug|Any CPU
		{4BE64938-4333-40C7-A4FB-2D669A979C03}.Debug|Any CPU.Build.0 = Debug|Any CPU
		{4BE64938-4333-40C7-A4FB-2D669A979C03}.Release|Any CPU.ActiveCfg = Release|Any CPU
		{4BE64938-4333-40C7-A4FB-2D669A979C03}.Release|Any CPU.Build.0 = Release|Any CPU
		{EF42EA9C-E8C1-4409-9136-99257F477E13}.Debug|Any CPU.ActiveCfg = Debug|Any CPU
		{EF42EA9C-E8C1-4409-9136-99257F477E13}.Debug|Any CPU.Build.0 = Debug|Any CPU
		{EF42EA9C-E8C1-4409-9136-99257F477E13}.Release|Any CPU.ActiveCfg = Release|Any CPU
		{EF42EA9C-E8C1-4409-9136-99257F477E13}.Release|Any CPU.Build.0 = Release|Any CPU
	EndGlobalSection
	GlobalSection(SolutionProperties) = preSolution
		HideSolutionNode = FALSE
	EndGlobalSection
	GlobalSection(ExtensibilityGlobals) = postSolution
		SolutionGuid = {08C09F88-2EEE-4AD1-94F1-BC5BB270EE93}
	EndGlobalSection
EndGlobal
